
Microsoft Visual Studio Solution File, Format Version 12.00
# Visual Studio Version 17
VisualStudioVersion = 17.9.34728.123
MinimumVisualStudioVersion = 10.0.40219.1
Project("{FAE04EC0-301F-11D3-BF4B-00C04F79EFBC}") = "ConsoleCalculator", "ConsoleCalculator\ConsoleCalculator.csproj", "{FF4086C0-9810-4C6C-8041-7FC8C51046A9}"
EndProject
Global
	GlobalSection(SolutionConfigurationPlatforms) = preSolution
		Debug|Any CPU = Debug|Any CPU
		Release|Any CPU = Release|Any CPU
	EndGlobalSection
	GlobalSection(ProjectConfigurationPlatforms) = postSolution
		{FF4086C0-9810-4C6C-8041-7FC8C51046A9}.Debug|Any CPU.ActiveCfg = Debug|Any CPU
		{FF4086C0-9810-4C6C-8041-7FC8C51046A9}.Debug|Any CPU.Build.0 = Debug|Any CPU
		{FF4086C0-9810-4C6C-8041-7FC8C51046A9}.Release|Any CPU.ActiveCfg = Release|Any CPU
		{FF4086C0-9810-4C6C-8041-7FC8C51046A9}.Release|Any CPU.Build.0 = Release|Any CPU
	EndGlobalSection
	GlobalSection(SolutionProperties) = preSolution
		HideSolutionNode = FALSE
	EndGlobalSection
	GlobalSection(ExtensibilityGlobals) = postSolution
		SolutionGuid = {EBC4414A-4CF4-401C-84CE-0BA219FCBBF5}
	EndGlobalSection
EndGlobal
