
Microsoft Visual Studio Solution File, Format Version 12.00
# Visual Studio Version 17
VisualStudioVersion = 17.7.34031.279
MinimumVisualStudioVersion = 10.0.40219.1
Project("{FAE04EC0-301F-11D3-BF4B-00C04F79EFBC}") = "FormsIDK", "FormsIDK\FormsIDK.csproj", "{67EAF8C9-C91E-4879-8976-965425A57892}"
EndProject
Global
	GlobalSection(SolutionConfigurationPlatforms) = preSolution
		Debug|Any CPU = Debug|Any CPU
		Release|Any CPU = Release|Any CPU
	EndGlobalSection
	GlobalSection(ProjectConfigurationPlatforms) = postSolution
		{67EAF8C9-C91E-4879-8976-965425A57892}.Debug|Any CPU.ActiveCfg = Debug|Any CPU
		{67EAF8C9-C91E-4879-8976-965425A57892}.Debug|Any CPU.Build.0 = Debug|Any CPU
		{67EAF8C9-C91E-4879-8976-965425A57892}.Release|Any CPU.ActiveCfg = Release|Any CPU
		{67EAF8C9-C91E-4879-8976-965425A57892}.Release|Any CPU.Build.0 = Release|Any CPU
	EndGlobalSection
	GlobalSection(SolutionProperties) = preSolution
		HideSolutionNode = FALSE
	EndGlobalSection
	GlobalSection(ExtensibilityGlobals) = postSolution
		SolutionGuid = {EF5A2CFB-9818-45FB-87B9-19F3BD70F133}
	EndGlobalSection
EndGlobal
