
Microsoft Visual Studio Solution File, Format Version 12.00
# Visual Studio Version 17
VisualStudioVersion = 17.9.34728.123
MinimumVisualStudioVersion = 10.0.40219.1
Project("{FAE04EC0-301F-11D3-BF4B-00C04F79EFBC}") = "Seznamy", "Seznamy\Seznamy.csproj", "{0D7DDF7B-6CBE-4908-A136-E98B20B366C2}"
EndProject
Global
	GlobalSection(SolutionConfigurationPlatforms) = preSolution
		Debug|Any CPU = Debug|Any CPU
		Release|Any CPU = Release|Any CPU
	EndGlobalSection
	GlobalSection(ProjectConfigurationPlatforms) = postSolution
		{0D7DDF7B-6CBE-4908-A136-E98B20B366C2}.Debug|Any CPU.ActiveCfg = Debug|Any CPU
		{0D7DDF7B-6CBE-4908-A136-E98B20B366C2}.Debug|Any CPU.Build.0 = Debug|Any CPU
		{0D7DDF7B-6CBE-4908-A136-E98B20B366C2}.Release|Any CPU.ActiveCfg = Release|Any CPU
		{0D7DDF7B-6CBE-4908-A136-E98B20B366C2}.Release|Any CPU.Build.0 = Release|Any CPU
	EndGlobalSection
	GlobalSection(SolutionProperties) = preSolution
		HideSolutionNode = FALSE
	EndGlobalSection
	GlobalSection(ExtensibilityGlobals) = postSolution
		SolutionGuid = {1C3F8E10-59BC-4BDF-9787-D522BA1FEE95}
	EndGlobalSection
EndGlobal
