
Microsoft Visual Studio Solution File, Format Version 12.00
# Visual Studio Version 17
VisualStudioVersion = 17.7.34031.279
MinimumVisualStudioVersion = 10.0.40219.1
Project("{FAE04EC0-301F-11D3-BF4B-00C04F79EFBC}") = "FirstFormsApp", "FirstFormsApp\FirstFormsApp.csproj", "{2D660608-AC66-487E-BB56-8B5B598E220D}"
EndProject
Global
	GlobalSection(SolutionConfigurationPlatforms) = preSolution
		Debug|Any CPU = Debug|Any CPU
		Release|Any CPU = Release|Any CPU
	EndGlobalSection
	GlobalSection(ProjectConfigurationPlatforms) = postSolution
		{2D660608-AC66-487E-BB56-8B5B598E220D}.Debug|Any CPU.ActiveCfg = Debug|Any CPU
		{2D660608-AC66-487E-BB56-8B5B598E220D}.Debug|Any CPU.Build.0 = Debug|Any CPU
		{2D660608-AC66-487E-BB56-8B5B598E220D}.Release|Any CPU.ActiveCfg = Release|Any CPU
		{2D660608-AC66-487E-BB56-8B5B598E220D}.Release|Any CPU.Build.0 = Release|Any CPU
	EndGlobalSection
	GlobalSection(SolutionProperties) = preSolution
		HideSolutionNode = FALSE
	EndGlobalSection
	GlobalSection(ExtensibilityGlobals) = postSolution
		SolutionGuid = {D720CED5-BD20-4FC7-86DD-3D54B36EA5FD}
	EndGlobalSection
EndGlobal
