
Microsoft Visual Studio Solution File, Format Version 12.00
# Visual Studio Version 17
VisualStudioVersion = 17.7.34031.279
MinimumVisualStudioVersion = 10.0.40219.1
Project("{FAE04EC0-301F-11D3-BF4B-00C04F79EFBC}") = "MatrixManipulation", "MatrixManipulation\MatrixManipulation.csproj", "{4E33F091-4C99-4987-A8CB-1587233E8F5B}"
EndProject
Global
	GlobalSection(SolutionConfigurationPlatforms) = preSolution
		Debug|Any CPU = Debug|Any CPU
		Release|Any CPU = Release|Any CPU
	EndGlobalSection
	GlobalSection(ProjectConfigurationPlatforms) = postSolution
		{4E33F091-4C99-4987-A8CB-1587233E8F5B}.Debug|Any CPU.ActiveCfg = Debug|Any CPU
		{4E33F091-4C99-4987-A8CB-1587233E8F5B}.Debug|Any CPU.Build.0 = Debug|Any CPU
		{4E33F091-4C99-4987-A8CB-1587233E8F5B}.Release|Any CPU.ActiveCfg = Release|Any CPU
		{4E33F091-4C99-4987-A8CB-1587233E8F5B}.Release|Any CPU.Build.0 = Release|Any CPU
	EndGlobalSection
	GlobalSection(SolutionProperties) = preSolution
		HideSolutionNode = FALSE
	EndGlobalSection
	GlobalSection(ExtensibilityGlobals) = postSolution
		SolutionGuid = {61E7D5CD-58A6-4935-8128-AC7397A037E1}
	EndGlobalSection
EndGlobal
