
Microsoft Visual Studio Solution File, Format Version 12.00
# Visual Studio Version 17
VisualStudioVersion = 17.9.34728.123
MinimumVisualStudioVersion = 10.0.40219.1
Project("{FAE04EC0-301F-11D3-BF4B-00C04F79EFBC}") = "Algoritmizace", "Algoritmizace\Algoritmizace.csproj", "{1C9A49FF-885C-4402-B751-883A40F29BD0}"
EndProject
Global
	GlobalSection(SolutionConfigurationPlatforms) = preSolution
		Debug|Any CPU = Debug|Any CPU
		Release|Any CPU = Release|Any CPU
	EndGlobalSection
	GlobalSection(ProjectConfigurationPlatforms) = postSolution
		{1C9A49FF-885C-4402-B751-883A40F29BD0}.Debug|Any CPU.ActiveCfg = Debug|Any CPU
		{1C9A49FF-885C-4402-B751-883A40F29BD0}.Debug|Any CPU.Build.0 = Debug|Any CPU
		{1C9A49FF-885C-4402-B751-883A40F29BD0}.Release|Any CPU.ActiveCfg = Release|Any CPU
		{1C9A49FF-885C-4402-B751-883A40F29BD0}.Release|Any CPU.Build.0 = Release|Any CPU
	EndGlobalSection
	GlobalSection(SolutionProperties) = preSolution
		HideSolutionNode = FALSE
	EndGlobalSection
	GlobalSection(ExtensibilityGlobals) = postSolution
		SolutionGuid = {01825F7F-C83E-429E-853C-32F06BF8B698}
	EndGlobalSection
EndGlobal
