
Microsoft Visual Studio Solution File, Format Version 12.00
# Visual Studio Version 17
VisualStudioVersion = 17.7.34031.279
MinimumVisualStudioVersion = 10.0.40219.1
Project("{FAE04EC0-301F-11D3-BF4B-00C04F79EFBC}") = "Graphs1", "Graphs1\Graphs1.csproj", "{1C139B46-35A0-4761-9CC8-A8A6E0185DD8}"
EndProject
Global
	GlobalSection(SolutionConfigurationPlatforms) = preSolution
		Debug|Any CPU = Debug|Any CPU
		Release|Any CPU = Release|Any CPU
	EndGlobalSection
	GlobalSection(ProjectConfigurationPlatforms) = postSolution
		{1C139B46-35A0-4761-9CC8-A8A6E0185DD8}.Debug|Any CPU.ActiveCfg = Debug|Any CPU
		{1C139B46-35A0-4761-9CC8-A8A6E0185DD8}.Debug|Any CPU.Build.0 = Debug|Any CPU
		{1C139B46-35A0-4761-9CC8-A8A6E0185DD8}.Release|Any CPU.ActiveCfg = Release|Any CPU
		{1C139B46-35A0-4761-9CC8-A8A6E0185DD8}.Release|Any CPU.Build.0 = Release|Any CPU
	EndGlobalSection
	GlobalSection(SolutionProperties) = preSolution
		HideSolutionNode = FALSE
	EndGlobalSection
	GlobalSection(ExtensibilityGlobals) = postSolution
		SolutionGuid = {87FA5584-7290-40EA-8421-CFB09E052709}
	EndGlobalSection
EndGlobal
